dependencies:
- name: memcached
  repository: https://charts.bitnami.com/bitnami
  version: 6.3.12
- name: memcached
  repository: https://charts.bitnami.com/bitnami
  version: 6.3.12
- name: memcached
  repository: https://charts.bitnami.com/bitnami
  version: 6.3.12
- name: memcached
  repository: https://charts.bitnami.com/bitnami
  version: 6.3.12
digest: sha256:be3b2491a5e868b573d9a711364ddeb083fdcf7371d824432f457c7261d92304
generated: "2023-03-14T09:34:31.731772+01:00"
