dependencies:
- name: memcached
  repository: https://charts.bitnami.com/bitnami
  version: 6.14.0
- name: memcached
  repository: https://charts.bitnami.com/bitnami
  version: 6.14.0
- name: memcached
  repository: https://charts.bitnami.com/bitnami
  version: 6.14.0
- name: memcached
  repository: https://charts.bitnami.com/bitnami
  version: 6.14.0
digest: sha256:53271a70f0777e768309ece8663bc07002374ec7873b8dfb0b212d2813a4d12f
generated: "2025-04-17T16:15:50.77219916Z"
