dependencies:
- name: memcached
  repository: https://charts.bitnami.com/bitnami
  version: 5.12.2
- name: memcached
  repository: https://charts.bitnami.com/bitnami
  version: 5.12.2
- name: memcached
  repository: https://charts.bitnami.com/bitnami
  version: 5.12.2
- name: memcached
  repository: https://charts.bitnami.com/bitnami
  version: 5.12.2
- name: memcached
  repository: https://charts.bitnami.com/bitnami
  version: 5.12.2
- name: memcached
  repository: https://charts.bitnami.com/bitnami
  version: 5.12.2
- name: memcached
  repository: https://charts.bitnami.com/bitnami
  version: 5.12.2
- name: consul
  repository: https://helm.releases.hashicorp.com
  version: 0.31.1
digest: sha256:9481cac346c464800024b44c6664cd659d23e5f19b7e42b0b8accdf8c3123dd5
generated: "2021-06-10T14:14:31.925738+02:00"
